{
  "name": "PubliGED",
  "version": "1.0.0",
  "lockfileVersion": 2,
  "requires": true,
  "packages": {
    "": {
      "name": "PubliGED",
      "version": "1.0.0",
      "license": "ISC",
      "dependencies": {
        "@fortawesome/fontawesome-free": "^5.15.3",
        "bootstrap": "^5.0.1",
        "bootswatch": "^5.0.2",
        "chart.js": "^3.3.2",
        "datatables.net-bs5": "^1.10.25",
        "dropzone": "^5.9.2",
        "fontawesome": "^5.6.3",
        "gojs": "^2.1.43",
        "jquery": "^3.6.0",
        "jquery.easing": "^1.4.1",
        "leaflet": "^1.7.1",
        "leaflet-basemaps": "^0.3.4",
        "tinymce": "^5.8.1"
      }
    },
    "node_modules/@fortawesome/fontawesome-free": {
      "version": "5.15.3",
      "resolved": "https://registry.npmjs.org/@fortawesome/fontawesome-free/-/fontawesome-free-5.15.3.tgz",
      "integrity": "sha512-rFnSUN/QOtnOAgqFRooTA3H57JLDm0QEG/jPdk+tLQNL/eWd+Aok8g3qCI+Q1xuDPWpGW/i9JySpJVsq8Q0s9w==",
      "hasInstallScript": true,
      "engines": {
        "node": ">=6"
      }
    },
    "node_modules/@popperjs/core": {
      "version": "2.9.2",
      "resolved": "https://registry.npmjs.org/@popperjs/core/-/core-2.9.2.tgz",
      "integrity": "sha512-VZMYa7+fXHdwIq1TDhSXoVmSPEGM/aa+6Aiq3nVVJ9bXr24zScr+NlKFKC3iPljA7ho/GAZr+d2jOf5GIRC30Q==",
      "peer": true,
      "funding": {
        "type": "opencollective",
        "url": "https://opencollective.com/popperjs"
      }
    },
    "node_modules/bootstrap": {
      "version": "5.0.2",
      "resolved": "https://registry.npmjs.org/bootstrap/-/bootstrap-5.0.2.tgz",
      "integrity": "sha512-1Ge963tyEQWJJ+8qtXFU6wgmAVj9gweEjibUdbmcCEYsn38tVwRk8107rk2vzt6cfQcRr3SlZ8aQBqaD8aqf+Q==",
      "funding": {
        "type": "opencollective",
        "url": "https://opencollective.com/bootstrap"
      },
      "peerDependencies": {
        "@popperjs/core": "^2.9.2"
      }
    },
    "node_modules/bootswatch": {
      "version": "5.0.2",
      "resolved": "https://registry.npmjs.org/bootswatch/-/bootswatch-5.0.2.tgz",
      "integrity": "sha512-mND4kaJ8/j9Iy1IRBrJfP6bi92wICTxuT9ZA2+b8RuVU9YYBH6du2yzgPt+yQ+kBjgRaIq3enhPpy8LU7J8Trg=="
    },
    "node_modules/chart.js": {
      "version": "3.5.0",
      "resolved": "https://registry.npmjs.org/chart.js/-/chart.js-3.5.0.tgz",
      "integrity": "sha512-J1a4EAb1Gi/KbhwDRmoovHTRuqT8qdF0kZ4XgwxpGethJHUdDrkqyPYwke0a+BuvSeUxPf8Cos6AX2AB8H8GLA=="
    },
    "node_modules/datatables.net": {
      "version": "1.10.25",
      "resolved": "https://registry.npmjs.org/datatables.net/-/datatables.net-1.10.25.tgz",
      "integrity": "sha512-y0+C7all+MC/h1acwnjErhaJPjYGKpWTvbXrfEUbR8+P+nnhgjNn5nL1udgsTwBObMhlj1KITNBRrM/ZLSoj+Q==",
      "dependencies": {
        "jquery": ">=1.7"
      }
    },
    "node_modules/datatables.net-bs5": {
      "version": "1.10.25",
      "resolved": "https://registry.npmjs.org/datatables.net-bs5/-/datatables.net-bs5-1.10.25.tgz",
      "integrity": "sha512-SiONLsCrVOuSZm8AcKcMrpo9ZriCdtuf9udzxwK92yrI2a+mnuSi0EreG35Rcq1ORRELqrp3/2o+qcTHo7fSsg==",
      "dependencies": {
        "datatables.net": "^1.10.15",
        "jquery": ">=1.7"
      }
    },
    "node_modules/dropzone": {
      "version": "5.9.2",
      "resolved": "https://registry.npmjs.org/dropzone/-/dropzone-5.9.2.tgz",
      "integrity": "sha512-5t2z51DzIsWDbTpwcJIvUlwxBbvcwdCApz0yb9ecKJwG155Xm92KMEZmHW1B0MzoXOKvFwdd0nPu5cpeVcvPHQ=="
    },
    "node_modules/fontawesome": {
      "version": "5.6.3",
      "resolved": "https://registry.npmjs.org/fontawesome/-/fontawesome-5.6.3.tgz",
      "integrity": "sha512-FCc+CawwsJWWprVEg9X14yI7zI+l9YVAyhzgu70qwGeDn0tLLDH/dVfqgij72g4BBGgLGfK2qnvFGAmYUkhaWg=="
    },
    "node_modules/gojs": {
      "version": "2.1.46",
      "resolved": "https://registry.npmjs.org/gojs/-/gojs-2.1.46.tgz",
      "integrity": "sha512-DR/RnuivV9eYaH7PbN3JM8Sfh9ng8+3Fcan/PnsXH8u/xG0KBi+qkkeVM5dK8pAamSkNso2bJ1Owpc1eOV2U0w=="
    },
    "node_modules/jquery": {
      "version": "3.6.0",
      "resolved": "https://registry.npmjs.org/jquery/-/jquery-3.6.0.tgz",
      "integrity": "sha512-JVzAR/AjBvVt2BmYhxRCSYysDsPcssdmTFnzyLEts9qNwmjmu4JTAMYubEfwVOSwpQ1I1sKKFcxhZCI2buerfw=="
    },
    "node_modules/jquery.easing": {
      "version": "1.4.1",
      "resolved": "https://registry.npmjs.org/jquery.easing/-/jquery.easing-1.4.1.tgz",
      "integrity": "sha1-R5gsWDa9dY/UhJSSPEoQHvbpPjs="
    },
    "node_modules/leaflet": {
      "version": "1.7.1",
      "resolved": "https://registry.npmjs.org/leaflet/-/leaflet-1.7.1.tgz",
      "integrity": "sha512-/xwPEBidtg69Q3HlqPdU3DnrXQOvQU/CCHA1tcDQVzOwm91YMYaILjNp7L4Eaw5Z4sOYdbBz6koWyibppd8Zqw=="
    },
    "node_modules/leaflet-basemaps": {
      "version": "0.3.4",
      "resolved": "https://registry.npmjs.org/leaflet-basemaps/-/leaflet-basemaps-0.3.4.tgz",
      "integrity": "sha512-JfhkMoh6LzPw4HvrvcAe1smKOnal+oFFKyMvnrJIWt0fGrVyfw0NOkLC1JonBOkXNaTd8nwP+AXfoV2+pKrS8A=="
    },
    "node_modules/tinymce": {
      "version": "5.8.2",
      "resolved": "https://registry.npmjs.org/tinymce/-/tinymce-5.8.2.tgz",
      "integrity": "sha512-qfWThBrSzbj4DoUk+lgGeDoP2GzLDSWrfvVUxf40HZhTzsG15X2nZ4N49IFqwaVgRl5AyFDtuWiEH/lCmiAcRA=="
    }
  },
  "dependencies": {
    "@fortawesome/fontawesome-free": {
      "version": "5.15.3",
      "resolved": "https://registry.npmjs.org/@fortawesome/fontawesome-free/-/fontawesome-free-5.15.3.tgz",
      "integrity": "sha512-rFnSUN/QOtnOAgqFRooTA3H57JLDm0QEG/jPdk+tLQNL/eWd+Aok8g3qCI+Q1xuDPWpGW/i9JySpJVsq8Q0s9w=="
    },
    "@popperjs/core": {
      "version": "2.9.2",
      "resolved": "https://registry.npmjs.org/@popperjs/core/-/core-2.9.2.tgz",
      "integrity": "sha512-VZMYa7+fXHdwIq1TDhSXoVmSPEGM/aa+6Aiq3nVVJ9bXr24zScr+NlKFKC3iPljA7ho/GAZr+d2jOf5GIRC30Q==",
      "peer": true
    },
    "bootstrap": {
      "version": "5.0.2",
      "resolved": "https://registry.npmjs.org/bootstrap/-/bootstrap-5.0.2.tgz",
      "integrity": "sha512-1Ge963tyEQWJJ+8qtXFU6wgmAVj9gweEjibUdbmcCEYsn38tVwRk8107rk2vzt6cfQcRr3SlZ8aQBqaD8aqf+Q==",
      "requires": {}
    },
    "bootswatch": {
      "version": "5.0.2",
      "resolved": "https://registry.npmjs.org/bootswatch/-/bootswatch-5.0.2.tgz",
      "integrity": "sha512-mND4kaJ8/j9Iy1IRBrJfP6bi92wICTxuT9ZA2+b8RuVU9YYBH6du2yzgPt+yQ+kBjgRaIq3enhPpy8LU7J8Trg=="
    },
    "chart.js": {
      "version": "3.5.0",
      "resolved": "https://registry.npmjs.org/chart.js/-/chart.js-3.5.0.tgz",
      "integrity": "sha512-J1a4EAb1Gi/KbhwDRmoovHTRuqT8qdF0kZ4XgwxpGethJHUdDrkqyPYwke0a+BuvSeUxPf8Cos6AX2AB8H8GLA=="
    },
    "datatables.net": {
      "version": "1.10.25",
      "resolved": "https://registry.npmjs.org/datatables.net/-/datatables.net-1.10.25.tgz",
      "integrity": "sha512-y0+C7all+MC/h1acwnjErhaJPjYGKpWTvbXrfEUbR8+P+nnhgjNn5nL1udgsTwBObMhlj1KITNBRrM/ZLSoj+Q==",
      "requires": {
        "jquery": ">=1.7"
      }
    },
    "datatables.net-bs5": {
      "version": "1.10.25",
      "resolved": "https://registry.npmjs.org/datatables.net-bs5/-/datatables.net-bs5-1.10.25.tgz",
      "integrity": "sha512-SiONLsCrVOuSZm8AcKcMrpo9ZriCdtuf9udzxwK92yrI2a+mnuSi0EreG35Rcq1ORRELqrp3/2o+qcTHo7fSsg==",
      "requires": {
        "datatables.net": "^1.10.15",
        "jquery": ">=1.7"
      }
    },
    "dropzone": {
      "version": "5.9.2",
      "resolved": "https://registry.npmjs.org/dropzone/-/dropzone-5.9.2.tgz",
      "integrity": "sha512-5t2z51DzIsWDbTpwcJIvUlwxBbvcwdCApz0yb9ecKJwG155Xm92KMEZmHW1B0MzoXOKvFwdd0nPu5cpeVcvPHQ=="
    },
    "fontawesome": {
      "version": "5.6.3",
      "resolved": "https://registry.npmjs.org/fontawesome/-/fontawesome-5.6.3.tgz",
      "integrity": "sha512-FCc+CawwsJWWprVEg9X14yI7zI+l9YVAyhzgu70qwGeDn0tLLDH/dVfqgij72g4BBGgLGfK2qnvFGAmYUkhaWg=="
    },
    "gojs": {
      "version": "2.1.46",
      "resolved": "https://registry.npmjs.org/gojs/-/gojs-2.1.46.tgz",
      "integrity": "sha512-DR/RnuivV9eYaH7PbN3JM8Sfh9ng8+3Fcan/PnsXH8u/xG0KBi+qkkeVM5dK8pAamSkNso2bJ1Owpc1eOV2U0w=="
    },
    "jquery": {
      "version": "3.6.0",
      "resolved": "https://registry.npmjs.org/jquery/-/jquery-3.6.0.tgz",
      "integrity": "sha512-JVzAR/AjBvVt2BmYhxRCSYysDsPcssdmTFnzyLEts9qNwmjmu4JTAMYubEfwVOSwpQ1I1sKKFcxhZCI2buerfw=="
    },
    "jquery.easing": {
      "version": "1.4.1",
      "resolved": "https://registry.npmjs.org/jquery.easing/-/jquery.easing-1.4.1.tgz",
      "integrity": "sha1-R5gsWDa9dY/UhJSSPEoQHvbpPjs="
    },
    "leaflet": {
      "version": "1.7.1",
      "resolved": "https://registry.npmjs.org/leaflet/-/leaflet-1.7.1.tgz",
      "integrity": "sha512-/xwPEBidtg69Q3HlqPdU3DnrXQOvQU/CCHA1tcDQVzOwm91YMYaILjNp7L4Eaw5Z4sOYdbBz6koWyibppd8Zqw=="
    },
    "leaflet-basemaps": {
      "version": "0.3.4",
      "resolved": "https://registry.npmjs.org/leaflet-basemaps/-/leaflet-basemaps-0.3.4.tgz",
      "integrity": "sha512-JfhkMoh6LzPw4HvrvcAe1smKOnal+oFFKyMvnrJIWt0fGrVyfw0NOkLC1JonBOkXNaTd8nwP+AXfoV2+pKrS8A=="
    },
    "tinymce": {
      "version": "5.8.2",
      "resolved": "https://registry.npmjs.org/tinymce/-/tinymce-5.8.2.tgz",
      "integrity": "sha512-qfWThBrSzbj4DoUk+lgGeDoP2GzLDSWrfvVUxf40HZhTzsG15X2nZ4N49IFqwaVgRl5AyFDtuWiEH/lCmiAcRA=="
    }
  }
}
